# This file is automatically @generated by Cargo.
# It is not intended for manual editing.
version = 3

[[package]]
name = "bin-rs"
version = "0.0.5"
source = "registry+https://github.com/rust-lang/crates.io-index"
checksum = "3db193726be68332481dc4b0f7050904eba6e033065ae4ade75d1dd19e3512bf"

[[package]]
name = "wml2"
version = "0.0.6"
dependencies = [
 "bin-rs",
]
