# This file is automatically @generated by Cargo.
# It is not intended for manual editing.
version = 3

[[package]]
name = "bin-rs"
version = "0.0.1"
source = "registry+https://github.com/rust-lang/crates.io-index"
checksum = "1601a962746b756a64ba06f9d58bf9e164555f9e1de802617713ec2701b01f48"

[[package]]
name = "wml2"
version = "0.0.6"
dependencies = [
 "bin-rs",
]
