# This file is automatically @generated by Cargo.
# It is not intended for manual editing.
version = 3

[[package]]
name = "bin-rs"
version = "0.0.1"
source = "git+https://github.com/mith-mmk/bin-rs#835769b51cfde8c9e69e73f973ff4fef0088b76f"

[[package]]
name = "wml2"
version = "0.0.4"
dependencies = [
 "bin-rs",
]
